
Microsoft Visual Studio Solution File, Format Version 12.00
# Visual Studio Version 17
VisualStudioVersion = 17.2.32602.215
MinimumVisualStudioVersion = 10.0.40219.1
Project("{2150E333-8FDC-42A3-9474-1A3956D46DE8}") = "Solution Items", "Solution Items", "{CA46ED57-0E7E-4773-B9F8-A3C88D8CD6F6}"
	ProjectSection(SolutionItems) = preProject
		.editorconfig = .editorconfig
	EndProjectSection
EndProject
Project("{9A19103F-16F7-4668-BE54-9A1E7A4F7556}") = "IFS.DB.WebApp", "IFS.DB.WebApp\IFS.DB.WebApp\IFS.DB.WebApp.csproj", "{D6F63638-0184-4B49-9285-12A3247000AE}"
EndProject
Project("{9A19103F-16F7-4668-BE54-9A1E7A4F7556}") = "IFS.DB.Resources.EF", "IFS.DB.Resources.EF\IFS.DB.Resources.EF.csproj", "{E51493A0-217E-4A29-93DD-D53DE445D2C4}"
EndProject
Project("{9A19103F-16F7-4668-BE54-9A1E7A4F7556}") = "IFS.DB.Resources.Services", "IFS.DB.Resources.Services\IFS.DB.Resources.Services.csproj", "{32CADFAE-CAEF-456A-8B04-31D7EFA4B8A4}"
EndProject
Project("{2150E333-8FDC-42A3-9474-1A3956D46DE8}") = "Server", "Server", "{C045118C-7745-4E6B-A49D-B69BFA54800F}"
EndProject
Project("{9A19103F-16F7-4668-BE54-9A1E7A4F7556}") = "IFS.DB.OpenAPI", "..\Server\IFS.DB.OpenAPI\IFS.DB.OpenAPI.csproj", "{49E2D14D-17E6-45FF-B305-11D3E1435335}"
EndProject
Project("{9A19103F-16F7-4668-BE54-9A1E7A4F7556}") = "IFS.DB.Infrastructure", "..\Server\IFS.DB.Infrastructure\IFS.DB.Infrastructure.csproj", "{DEB5E76B-79DC-4DEB-94F0-AD1FB2D4BD85}"
EndProject
Project("{9A19103F-16F7-4668-BE54-9A1E7A4F7556}") = "IFS.DB.Application", "..\Server\IFS.DB.Application\IFS.DB.Application.csproj", "{606FAC5B-5574-4376-A315-8CB7B2A249D0}"
EndProject
Project("{9A19103F-16F7-4668-BE54-9A1E7A4F7556}") = "IFS.DB.EF", "..\Server\IFS.DB.EF\IFS.DB.EF.csproj", "{CFF6125F-8332-4FEA-963D-B3B82624E740}"
EndProject
Project("{9A19103F-16F7-4668-BE54-9A1E7A4F7556}") = "IFS.DB.OpenAPI.Client", "..\Server\IFS.DB.OpenAPI.Client\IFS.DB.OpenAPI.Client.csproj", "{46C63EBE-1101-4784-B8E4-B22EBB83BDC7}"
EndProject
Project("{9A19103F-16F7-4668-BE54-9A1E7A4F7556}") = "IFS.DB.OpenAPI.Services", "..\Server\IFS.DB.OpenAPI.Services\IFS.DB.OpenAPI.Services.csproj", "{7A84D3D0-550F-4AEC-AFA8-F1A968510A71}"
EndProject
Project("{9A19103F-16F7-4668-BE54-9A1E7A4F7556}") = "IFS.DB.OpenAPI.Resources", "..\Server\IFS.DB.OpenAPI.Resources\IFS.DB.OpenAPI.Resources.csproj", "{181F50AE-4DC8-4A77-BE9C-6A0493625FA8}"
EndProject
Global
	GlobalSection(SolutionConfigurationPlatforms) = preSolution
		Debug|Any CPU = Debug|Any CPU
		Release|Any CPU = Release|Any CPU
	EndGlobalSection
	GlobalSection(ProjectConfigurationPlatforms) = postSolution
		{D6F63638-0184-4B49-9285-12A3247000AE}.Debug|Any CPU.ActiveCfg = Debug|Any CPU
		{D6F63638-0184-4B49-9285-12A3247000AE}.Debug|Any CPU.Build.0 = Debug|Any CPU
		{D6F63638-0184-4B49-9285-12A3247000AE}.Release|Any CPU.ActiveCfg = Release|Any CPU
		{D6F63638-0184-4B49-9285-12A3247000AE}.Release|Any CPU.Build.0 = Release|Any CPU
		{E51493A0-217E-4A29-93DD-D53DE445D2C4}.Debug|Any CPU.ActiveCfg = Debug|Any CPU
		{E51493A0-217E-4A29-93DD-D53DE445D2C4}.Debug|Any CPU.Build.0 = Debug|Any CPU
		{E51493A0-217E-4A29-93DD-D53DE445D2C4}.Release|Any CPU.ActiveCfg = Release|Any CPU
		{E51493A0-217E-4A29-93DD-D53DE445D2C4}.Release|Any CPU.Build.0 = Release|Any CPU
		{32CADFAE-CAEF-456A-8B04-31D7EFA4B8A4}.Debug|Any CPU.ActiveCfg = Debug|Any CPU
		{32CADFAE-CAEF-456A-8B04-31D7EFA4B8A4}.Debug|Any CPU.Build.0 = Debug|Any CPU
		{32CADFAE-CAEF-456A-8B04-31D7EFA4B8A4}.Release|Any CPU.ActiveCfg = Release|Any CPU
		{32CADFAE-CAEF-456A-8B04-31D7EFA4B8A4}.Release|Any CPU.Build.0 = Release|Any CPU
		{49E2D14D-17E6-45FF-B305-11D3E1435335}.Debug|Any CPU.ActiveCfg = Debug|Any CPU
		{49E2D14D-17E6-45FF-B305-11D3E1435335}.Debug|Any CPU.Build.0 = Debug|Any CPU
		{49E2D14D-17E6-45FF-B305-11D3E1435335}.Release|Any CPU.ActiveCfg = Release|Any CPU
		{49E2D14D-17E6-45FF-B305-11D3E1435335}.Release|Any CPU.Build.0 = Release|Any CPU
		{DEB5E76B-79DC-4DEB-94F0-AD1FB2D4BD85}.Debug|Any CPU.ActiveCfg = Debug|Any CPU
		{DEB5E76B-79DC-4DEB-94F0-AD1FB2D4BD85}.Debug|Any CPU.Build.0 = Debug|Any CPU
		{DEB5E76B-79DC-4DEB-94F0-AD1FB2D4BD85}.Release|Any CPU.ActiveCfg = Release|Any CPU
		{DEB5E76B-79DC-4DEB-94F0-AD1FB2D4BD85}.Release|Any CPU.Build.0 = Release|Any CPU
		{606FAC5B-5574-4376-A315-8CB7B2A249D0}.Debug|Any CPU.ActiveCfg = Debug|Any CPU
		{606FAC5B-5574-4376-A315-8CB7B2A249D0}.Debug|Any CPU.Build.0 = Debug|Any CPU
		{606FAC5B-5574-4376-A315-8CB7B2A249D0}.Release|Any CPU.ActiveCfg = Release|Any CPU
		{606FAC5B-5574-4376-A315-8CB7B2A249D0}.Release|Any CPU.Build.0 = Release|Any CPU
		{CFF6125F-8332-4FEA-963D-B3B82624E740}.Debug|Any CPU.ActiveCfg = Debug|Any CPU
		{CFF6125F-8332-4FEA-963D-B3B82624E740}.Debug|Any CPU.Build.0 = Debug|Any CPU
		{CFF6125F-8332-4FEA-963D-B3B82624E740}.Release|Any CPU.ActiveCfg = Release|Any CPU
		{CFF6125F-8332-4FEA-963D-B3B82624E740}.Release|Any CPU.Build.0 = Release|Any CPU
		{46C63EBE-1101-4784-B8E4-B22EBB83BDC7}.Debug|Any CPU.ActiveCfg = Debug|Any CPU
		{46C63EBE-1101-4784-B8E4-B22EBB83BDC7}.Debug|Any CPU.Build.0 = Debug|Any CPU
		{46C63EBE-1101-4784-B8E4-B22EBB83BDC7}.Release|Any CPU.ActiveCfg = Release|Any CPU
		{46C63EBE-1101-4784-B8E4-B22EBB83BDC7}.Release|Any CPU.Build.0 = Release|Any CPU
		{7A84D3D0-550F-4AEC-AFA8-F1A968510A71}.Debug|Any CPU.ActiveCfg = Debug|Any CPU
		{7A84D3D0-550F-4AEC-AFA8-F1A968510A71}.Debug|Any CPU.Build.0 = Debug|Any CPU
		{7A84D3D0-550F-4AEC-AFA8-F1A968510A71}.Release|Any CPU.ActiveCfg = Release|Any CPU
		{7A84D3D0-550F-4AEC-AFA8-F1A968510A71}.Release|Any CPU.Build.0 = Release|Any CPU
		{181F50AE-4DC8-4A77-BE9C-6A0493625FA8}.Debug|Any CPU.ActiveCfg = Debug|Any CPU
		{181F50AE-4DC8-4A77-BE9C-6A0493625FA8}.Debug|Any CPU.Build.0 = Debug|Any CPU
		{181F50AE-4DC8-4A77-BE9C-6A0493625FA8}.Release|Any CPU.ActiveCfg = Release|Any CPU
		{181F50AE-4DC8-4A77-BE9C-6A0493625FA8}.Release|Any CPU.Build.0 = Release|Any CPU
	EndGlobalSection
	GlobalSection(SolutionProperties) = preSolution
		HideSolutionNode = FALSE
	EndGlobalSection
	GlobalSection(NestedProjects) = preSolution
		{49E2D14D-17E6-45FF-B305-11D3E1435335} = {C045118C-7745-4E6B-A49D-B69BFA54800F}
		{DEB5E76B-79DC-4DEB-94F0-AD1FB2D4BD85} = {C045118C-7745-4E6B-A49D-B69BFA54800F}
		{606FAC5B-5574-4376-A315-8CB7B2A249D0} = {C045118C-7745-4E6B-A49D-B69BFA54800F}
		{CFF6125F-8332-4FEA-963D-B3B82624E740} = {C045118C-7745-4E6B-A49D-B69BFA54800F}
		{46C63EBE-1101-4784-B8E4-B22EBB83BDC7} = {C045118C-7745-4E6B-A49D-B69BFA54800F}
		{7A84D3D0-550F-4AEC-AFA8-F1A968510A71} = {C045118C-7745-4E6B-A49D-B69BFA54800F}
		{181F50AE-4DC8-4A77-BE9C-6A0493625FA8} = {C045118C-7745-4E6B-A49D-B69BFA54800F}
	EndGlobalSection
	GlobalSection(ExtensibilityGlobals) = postSolution
		SolutionGuid = {BB2456A4-4FA8-46FE-80ED-C359E389F191}
	EndGlobalSection
EndGlobal
